
Microsoft Visual Studio Solution File, Format Version 12.00
# Visual Studio Version 17
VisualStudioVersion = 17.0.31903.59
MinimumVisualStudioVersion = 10.0.40219.1
Project("{2150E333-8FDC-42A3-9474-1A3956D46DE8}") = "src", "src", "{05F8C997-1AF7-4C08-91D5-17A2211BA34D}"
EndProject
Project("{FAE04EC0-301F-11D3-BF4B-00C04F79EFBC}") = "Isatays.FTGO.CustomerService.Api", "src\Isatays.FTGO.CustomerService.Api\Isatays.FTGO.CustomerService.Api.csproj", "{031BA30C-64FF-4A7E-903C-1B20E432CA56}"
EndProject
Project("{FAE04EC0-301F-11D3-BF4B-00C04F79EFBC}") = "Isatays.FTGO.CustomerService.Core", "src\Isatays.FTGO.CustomerService.Core\Isatays.FTGO.CustomerService.Core.csproj", "{81B7FA55-9F6C-49C9-9D65-80130C51DADA}"
EndProject
Project("{FAE04EC0-301F-11D3-BF4B-00C04F79EFBC}") = "Isatays.FTGO.CustomerService.Infrastructure", "src\Isatays.FTGO.CustomerService.Infrastructure\Isatays.FTGO.CustomerService.Infrastructure.csproj", "{B6852D14-9047-413F-94D7-8AF56AE331AF}"
EndProject
Project("{2150E333-8FDC-42A3-9474-1A3956D46DE8}") = "tests", "tests", "{4F413C6D-16C5-4F31-9895-BBBD97873A69}"
EndProject
Project("{FAE04EC0-301F-11D3-BF4B-00C04F79EFBC}") = "Isatays.FTGO.CustomerService.UnitTest", "tests\Isatays.FTGO.CustomerService.UnitTest\Isatays.FTGO.CustomerService.UnitTest.csproj", "{35EB4CFC-6A20-4611-892A-BDB6F8F8E46E}"
EndProject
Global
	GlobalSection(SolutionConfigurationPlatforms) = preSolution
		Debug|Any CPU = Debug|Any CPU
		Release|Any CPU = Release|Any CPU
	EndGlobalSection
	GlobalSection(SolutionProperties) = preSolution
		HideSolutionNode = FALSE
	EndGlobalSection
	GlobalSection(ProjectConfigurationPlatforms) = postSolution
		{031BA30C-64FF-4A7E-903C-1B20E432CA56}.Debug|Any CPU.ActiveCfg = Debug|Any CPU
		{031BA30C-64FF-4A7E-903C-1B20E432CA56}.Debug|Any CPU.Build.0 = Debug|Any CPU
		{031BA30C-64FF-4A7E-903C-1B20E432CA56}.Release|Any CPU.ActiveCfg = Release|Any CPU
		{031BA30C-64FF-4A7E-903C-1B20E432CA56}.Release|Any CPU.Build.0 = Release|Any CPU
		{81B7FA55-9F6C-49C9-9D65-80130C51DADA}.Debug|Any CPU.ActiveCfg = Debug|Any CPU
		{81B7FA55-9F6C-49C9-9D65-80130C51DADA}.Debug|Any CPU.Build.0 = Debug|Any CPU
		{81B7FA55-9F6C-49C9-9D65-80130C51DADA}.Release|Any CPU.ActiveCfg = Release|Any CPU
		{81B7FA55-9F6C-49C9-9D65-80130C51DADA}.Release|Any CPU.Build.0 = Release|Any CPU
		{B6852D14-9047-413F-94D7-8AF56AE331AF}.Debug|Any CPU.ActiveCfg = Debug|Any CPU
		{B6852D14-9047-413F-94D7-8AF56AE331AF}.Debug|Any CPU.Build.0 = Debug|Any CPU
		{B6852D14-9047-413F-94D7-8AF56AE331AF}.Release|Any CPU.ActiveCfg = Release|Any CPU
		{B6852D14-9047-413F-94D7-8AF56AE331AF}.Release|Any CPU.Build.0 = Release|Any CPU
		{35EB4CFC-6A20-4611-892A-BDB6F8F8E46E}.Debug|Any CPU.ActiveCfg = Debug|Any CPU
		{35EB4CFC-6A20-4611-892A-BDB6F8F8E46E}.Debug|Any CPU.Build.0 = Debug|Any CPU
		{35EB4CFC-6A20-4611-892A-BDB6F8F8E46E}.Release|Any CPU.ActiveCfg = Release|Any CPU
		{35EB4CFC-6A20-4611-892A-BDB6F8F8E46E}.Release|Any CPU.Build.0 = Release|Any CPU
	EndGlobalSection
	GlobalSection(NestedProjects) = preSolution
		{031BA30C-64FF-4A7E-903C-1B20E432CA56} = {05F8C997-1AF7-4C08-91D5-17A2211BA34D}
		{81B7FA55-9F6C-49C9-9D65-80130C51DADA} = {05F8C997-1AF7-4C08-91D5-17A2211BA34D}
		{B6852D14-9047-413F-94D7-8AF56AE331AF} = {05F8C997-1AF7-4C08-91D5-17A2211BA34D}
		{35EB4CFC-6A20-4611-892A-BDB6F8F8E46E} = {4F413C6D-16C5-4F31-9895-BBBD97873A69}
	EndGlobalSection
EndGlobal
